
Microsoft Visual Studio Solution File, Format Version 12.00
# Visual Studio Version 17
VisualStudioVersion = 17.6.33829.357
MinimumVisualStudioVersion = 10.0.40219.1
Project("{FAE04EC0-301F-11D3-BF4B-00C04F79EFBC}") = "StarsAndStripes", "StarsAndStripes\StarsAndStripes.csproj", "{DB72A5F5-23C7-49E3-A3A5-20D096CA4AC4}"
EndProject
Global
	GlobalSection(SolutionConfigurationPlatforms) = preSolution
		Debug|Any CPU = Debug|Any CPU
		Release|Any CPU = Release|Any CPU
	EndGlobalSection
	GlobalSection(ProjectConfigurationPlatforms) = postSolution
		{DB72A5F5-23C7-49E3-A3A5-20D096CA4AC4}.Debug|Any CPU.ActiveCfg = Debug|Any CPU
		{DB72A5F5-23C7-49E3-A3A5-20D096CA4AC4}.Debug|Any CPU.Build.0 = Debug|Any CPU
		{DB72A5F5-23C7-49E3-A3A5-20D096CA4AC4}.Release|Any CPU.ActiveCfg = Release|Any CPU
		{DB72A5F5-23C7-49E3-A3A5-20D096CA4AC4}.Release|Any CPU.Build.0 = Release|Any CPU
	EndGlobalSection
	GlobalSection(SolutionProperties) = preSolution
		HideSolutionNode = FALSE
	EndGlobalSection
	GlobalSection(ExtensibilityGlobals) = postSolution
		SolutionGuid = {09E6AAE8-CAB5-4669-9439-4370C8D825E6}
	EndGlobalSection
EndGlobal
